
Microsoft Visual Studio Solution File, Format Version 12.00
# Visual Studio 15
VisualStudioVersion = 15.0.28010.2050
MinimumVisualStudioVersion = 10.0.40219.1
Project("{FAE04EC0-301F-11D3-BF4B-00C04F79EFBC}") = "ArtifactAPI", "ArtifactAPI\ArtifactAPI.csproj", "{78DC252F-3BB6-4304-AF5C-0BB635C12EB3}"
EndProject
Project("{FAE04EC0-301F-11D3-BF4B-00C04F79EFBC}") = "ArtifactAPI.Tests", "ArtifactAPI.Tests\ArtifactAPI.Tests.csproj", "{5E9FB24F-EBB7-4A47-AB09-4211F23D7721}"
EndProject
Project("{FAE04EC0-301F-11D3-BF4B-00C04F79EFBC}") = "ArtifactAPI.Example", "ArtifactAPI.Example\ArtifactAPI.Example.csproj", "{D39D1433-E6AF-4FB1-BD34-7EB063450EDE}"
EndProject
Global
	GlobalSection(SolutionConfigurationPlatforms) = preSolution
		Debug|Any CPU = Debug|Any CPU
		Release|Any CPU = Release|Any CPU
	EndGlobalSection
	GlobalSection(ProjectConfigurationPlatforms) = postSolution
		{78DC252F-3BB6-4304-AF5C-0BB635C12EB3}.Debug|Any CPU.ActiveCfg = Debug|Any CPU
		{78DC252F-3BB6-4304-AF5C-0BB635C12EB3}.Debug|Any CPU.Build.0 = Debug|Any CPU
		{78DC252F-3BB6-4304-AF5C-0BB635C12EB3}.Release|Any CPU.ActiveCfg = Release|Any CPU
		{78DC252F-3BB6-4304-AF5C-0BB635C12EB3}.Release|Any CPU.Build.0 = Release|Any CPU
		{5E9FB24F-EBB7-4A47-AB09-4211F23D7721}.Debug|Any CPU.ActiveCfg = Debug|Any CPU
		{5E9FB24F-EBB7-4A47-AB09-4211F23D7721}.Debug|Any CPU.Build.0 = Debug|Any CPU
		{5E9FB24F-EBB7-4A47-AB09-4211F23D7721}.Release|Any CPU.ActiveCfg = Release|Any CPU
		{5E9FB24F-EBB7-4A47-AB09-4211F23D7721}.Release|Any CPU.Build.0 = Release|Any CPU
		{D39D1433-E6AF-4FB1-BD34-7EB063450EDE}.Debug|Any CPU.ActiveCfg = Debug|Any CPU
		{D39D1433-E6AF-4FB1-BD34-7EB063450EDE}.Debug|Any CPU.Build.0 = Debug|Any CPU
		{D39D1433-E6AF-4FB1-BD34-7EB063450EDE}.Release|Any CPU.ActiveCfg = Release|Any CPU
		{D39D1433-E6AF-4FB1-BD34-7EB063450EDE}.Release|Any CPU.Build.0 = Release|Any CPU
	EndGlobalSection
	GlobalSection(SolutionProperties) = preSolution
		HideSolutionNode = FALSE
	EndGlobalSection
	GlobalSection(ExtensibilityGlobals) = postSolution
		SolutionGuid = {99F8C114-3730-4601-962A-8C7A99D87D9F}
	EndGlobalSection
EndGlobal
